# Generated by pub
# See https://dart.dev/tools/pub/glossary#lockfile
packages:
  archive:
    dependency: transitive
    description:
      name: archive
      sha256: "2fde1607386ab523f7a36bb3e7edb43bd58e6edaf2ffb29d8a6d578b297fdbbd"
      url: "https://pub.dev"
    source: hosted
    version: "4.0.7"
  args:
    dependency: transitive
    description:
      name: args
      sha256: d0481093c50b1da8910eb0bb301626d4d8eb7284aa739614d2b394ee09e3ea04
      url: "https://pub.dev"
    source: hosted
    version: "2.7.0"
  async:
    dependency: transitive
    description:
      name: async
      sha256: "758e6d74e971c3e5aceb4110bfd6698efc7f501675bcfe0c775459a8140750eb"
      url: "https://pub.dev"
    source: hosted
    version: "2.13.0"
  boolean_selector:
    dependency: transitive
    description:
      name: boolean_selector
      sha256: "8aab1771e1243a5063b8b0ff68042d67334e3feab9e95b9490f9a6ebf73b42ea"
      url: "https://pub.dev"
    source: hosted
    version: "2.1.2"
  brotli:
    dependency: transitive
    description:
      name: brotli
      sha256: "7f891558ed779aab2bed874f0a36b8123f9ff3f19cf6efbee89e18ed294945ae"
      url: "https://pub.dev"
    source: hosted
    version: "0.6.0"
  canvas_danmaku:
    dependency: "direct main"
    description:
      name: canvas_danmaku
      sha256: "98fd90f257ffe93bd6a0bd857d92f40172767fc77ffb48b2379ac692e62150eb"
      url: "https://pub.dev"
    source: hosted
    version: "0.2.7"
  characters:
    dependency: transitive
    description:
      name: characters
      sha256: f71061c654a3380576a52b451dd5532377954cf9dbd272a78fc8479606670803
      url: "https://pub.dev"
    source: hosted
    version: "1.4.0"
  clock:
    dependency: transitive
    description:
      name: clock
      sha256: fddb70d9b5277016c77a80201021d40a2247104d9f4aa7bab7157b7e3f05b84b
      url: "https://pub.dev"
    source: hosted
    version: "1.1.2"
  code_assets:
    dependency: transitive
    description:
      name: code_assets
      sha256: "83ccdaa064c980b5596c35dd64a8d3ecc68620174ab9b90b6343b753aa721687"
      url: "https://pub.dev"
    source: hosted
    version: "1.0.0"
  collection:
    dependency: transitive
    description:
      name: collection
      sha256: "2f5709ae4d3d59dd8f7cd309b4e023046b57d8a6c82130785d2b0e5868084e76"
      url: "https://pub.dev"
    source: hosted
    version: "1.19.1"
  crypto:
    dependency: "direct main"
    description:
      name: crypto
      sha256: c8ea0233063ba03258fbcf2ca4d6dadfefe14f02fab57702265467a19f27fadf
      url: "https://pub.dev"
    source: hosted
    version: "3.0.7"
  cupertino_icons:
    dependency: "direct main"
    description:
      name: cupertino_icons
      sha256: ba631d1c7f7bef6b729a622b7b752645a2d076dba9976925b8f25725a30e1ee6
      url: "https://pub.dev"
    source: hosted
    version: "1.0.8"
  dart_quickjs:
    dependency: transitive
    description:
      path: "."
      ref: HEAD
      resolved-ref: b335f65fb577e5f355689d8a21ace6d034a5bb47
      url: "https://github.com/xiaoyaocz/dart_quickjs"
    source: git
    version: "1.0.0"
  dbus:
    dependency: transitive
    description:
      name: dbus
      sha256: "79e0c23480ff85dc68de79e2cd6334add97e48f7f4865d17686dd6ea81a47e8c"
      url: "https://pub.dev"
    source: hosted
    version: "0.7.11"
  device_info_plus:
    dependency: "direct main"
    description:
      name: device_info_plus
      sha256: "4df8babf73058181227e18b08e6ea3520cf5fc5d796888d33b7cb0f33f984b7c"
      url: "https://pub.dev"
    source: hosted
    version: "12.3.0"
  device_info_plus_platform_interface:
    dependency: transitive
    description:
      name: device_info_plus_platform_interface
      sha256: e1ea89119e34903dca74b883d0dd78eb762814f97fb6c76f35e9ff74d261a18f
      url: "https://pub.dev"
    source: hosted
    version: "7.0.3"
  dio:
    dependency: "direct main"
    description:
      name: dio
      sha256: d90ee57923d1828ac14e492ca49440f65477f4bb1263575900be731a3dac66a9
      url: "https://pub.dev"
    source: hosted
    version: "5.9.0"
  dio_web_adapter:
    dependency: transitive
    description:
      name: dio_web_adapter
      sha256: "7586e476d70caecaf1686d21eee7247ea43ef5c345eab9e0cc3583ff13378d78"
      url: "https://pub.dev"
    source: hosted
    version: "2.1.1"
  extended_image:
    dependency: "direct main"
    description:
      name: extended_image
      sha256: f6cbb1d798f51262ed1a3d93b4f1f2aa0d76128df39af18ecb77fa740f88b2e0
      url: "https://pub.dev"
    source: hosted
    version: "10.0.1"
  extended_image_library:
    dependency: transitive
    description:
      name: extended_image_library
      sha256: "1f9a24d3a00c2633891c6a7b5cab2807999eb2d5b597e5133b63f49d113811fe"
      url: "https://pub.dev"
    source: hosted
    version: "5.0.1"
  fading_edge_scrollview:
    dependency: "direct overridden"
    description:
      name: fading_edge_scrollview
      sha256: "1f84fe3ea8e251d00d5735e27502a6a250e4aa3d3b330d3fdcb475af741464ef"
      url: "https://pub.dev"
    source: hosted
    version: "4.1.1"
  fake_async:
    dependency: transitive
    description:
      name: fake_async
      sha256: "5368f224a74523e8d2e7399ea1638b37aecfca824a3cc4dfdf77bf1fa905ac44"
      url: "https://pub.dev"
    source: hosted
    version: "1.3.3"
  ffi:
    dependency: transitive
    description:
      name: ffi
      sha256: "289279317b4b16eb2bb7e271abccd4bf84ec9bdcbe999e278a94b804f5630418"
      url: "https://pub.dev"
    source: hosted
    version: "2.1.4"
  file:
    dependency: transitive
    description:
      name: file
      sha256: a3b4f84adafef897088c160faf7dfffb7696046cb13ae90b508c2cbc95d3b8d4
      url: "https://pub.dev"
    source: hosted
    version: "7.0.1"
  fixnum:
    dependency: transitive
    description:
      name: fixnum
      sha256: b6dc7065e46c974bc7c5f143080a6764ec7a4be6da1285ececdc37be96de53be
      url: "https://pub.dev"
    source: hosted
    version: "1.1.1"
  flutter:
    dependency: "direct main"
    description: flutter
    source: sdk
    version: "0.0.0"
  flutter_easyrefresh:
    dependency: "direct main"
    description:
      name: flutter_easyrefresh
      sha256: "5d161ee5dcac34da9065116568147d742dd25fb9bff3b10024d9054b195087ad"
      url: "https://pub.dev"
    source: hosted
    version: "2.2.2"
  flutter_lints:
    dependency: "direct dev"
    description:
      name: flutter_lints
      sha256: a25a15ebbdfc33ab1cd26c63a6ee519df92338a9c10f122adda92938253bef04
      url: "https://pub.dev"
    source: hosted
    version: "2.0.3"
  flutter_screenutil:
    dependency: "direct main"
    description:
      name: flutter_screenutil
      sha256: "8239210dd68bee6b0577aa4a090890342d04a136ce1c81f98ee513fc0ce891de"
      url: "https://pub.dev"
    source: hosted
    version: "5.9.3"
  flutter_smart_dialog:
    dependency: "direct main"
    description:
      name: flutter_smart_dialog
      sha256: "0852df132cb03fd8fc5144eb404c31eb7eb50c22aecb1cc2504f2f598090d756"
      url: "https://pub.dev"
    source: hosted
    version: "4.9.8+9"
  flutter_staggered_grid_view:
    dependency: "direct main"
    description:
      name: flutter_staggered_grid_view
      sha256: "19e7abb550c96fbfeb546b23f3ff356ee7c59a019a651f8f102a4ba9b7349395"
      url: "https://pub.dev"
    source: hosted
    version: "0.7.0"
  flutter_test:
    dependency: "direct dev"
    description: flutter
    source: sdk
    version: "0.0.0"
  flutter_web_plugins:
    dependency: transitive
    description: flutter
    source: sdk
    version: "0.0.0"
  get:
    dependency: "direct main"
    description:
      name: get
      sha256: "5ed34a7925b85336e15d472cc4cfe7d9ebf4ab8e8b9f688585bf6b50f4c3d79a"
      url: "https://pub.dev"
    source: hosted
    version: "4.7.3"
  glob:
    dependency: transitive
    description:
      name: glob
      sha256: c3f1ee72c96f8f78935e18aa8cecced9ab132419e8625dc187e1c2408efc20de
      url: "https://pub.dev"
    source: hosted
    version: "2.1.3"
  hive:
    dependency: "direct main"
    description:
      name: hive
      sha256: "8dcf6db979d7933da8217edcec84e9df1bdb4e4edc7fc77dbd5aa74356d6d941"
      url: "https://pub.dev"
    source: hosted
    version: "2.2.3"
  hive_flutter:
    dependency: "direct main"
    description:
      name: hive_flutter
      sha256: dca1da446b1d808a51689fb5d0c6c9510c0a2ba01e22805d492c73b68e33eecc
      url: "https://pub.dev"
    source: hosted
    version: "1.1.0"
  hooks:
    dependency: transitive
    description:
      name: hooks
      sha256: "5d309c86e7ce34cd8e37aa71cb30cb652d3829b900ab145e4d9da564b31d59f7"
      url: "https://pub.dev"
    source: hosted
    version: "1.0.0"
  html_unescape:
    dependency: transitive
    description:
      name: html_unescape
      sha256: "15362d7a18f19d7b742ef8dcb811f5fd2a2df98db9f80ea393c075189e0b61e3"
      url: "https://pub.dev"
    source: hosted
    version: "2.0.0"
  http:
    dependency: transitive
    description:
      name: http
      sha256: "87721a4a50b19c7f1d49001e51409bddc46303966ce89a65af4f4e6004896412"
      url: "https://pub.dev"
    source: hosted
    version: "1.6.0"
  http_client_helper:
    dependency: transitive
    description:
      name: http_client_helper
      sha256: "8a9127650734da86b5c73760de2b404494c968a3fd55602045ffec789dac3cb1"
      url: "https://pub.dev"
    source: hosted
    version: "3.0.0"
  http_methods:
    dependency: transitive
    description:
      name: http_methods
      sha256: "6bccce8f1ec7b5d701e7921dca35e202d425b57e317ba1a37f2638590e29e566"
      url: "https://pub.dev"
    source: hosted
    version: "1.1.1"
  http_parser:
    dependency: transitive
    description:
      name: http_parser
      sha256: "178d74305e7866013777bab2c3d8726205dc5a4dd935297175b19a23a2e66571"
      url: "https://pub.dev"
    source: hosted
    version: "4.1.2"
  image:
    dependency: transitive
    description:
      name: image
      sha256: "4e973fcf4caae1a4be2fa0a13157aa38a8f9cb049db6529aa00b4d71abc4d928"
      url: "https://pub.dev"
    source: hosted
    version: "4.5.4"
  intl:
    dependency: "direct main"
    description:
      name: intl
      sha256: "3df61194eb431efc39c4ceba583b95633a403f46c9fd341e550ce0bfa50e9aa5"
      url: "https://pub.dev"
    source: hosted
    version: "0.20.2"
  js:
    dependency: transitive
    description:
      name: js
      sha256: "53385261521cc4a0c4658fd0ad07a7d14591cf8fc33abbceae306ddb974888dc"
      url: "https://pub.dev"
    source: hosted
    version: "0.7.2"
  leak_tracker:
    dependency: transitive
    description:
      name: leak_tracker
      sha256: "33e2e26bdd85a0112ec15400c8cbffea70d0f9c3407491f672a2fad47915e2de"
      url: "https://pub.dev"
    source: hosted
    version: "11.0.2"
  leak_tracker_flutter_testing:
    dependency: transitive
    description:
      name: leak_tracker_flutter_testing
      sha256: "1dbc140bb5a23c75ea9c4811222756104fbcd1a27173f0c34ca01e16bea473c1"
      url: "https://pub.dev"
    source: hosted
    version: "3.0.10"
  leak_tracker_testing:
    dependency: transitive
    description:
      name: leak_tracker_testing
      sha256: "8d5a2d49f4a66b49744b23b018848400d23e54caf9463f4eb20df3eb8acb2eb1"
      url: "https://pub.dev"
    source: hosted
    version: "3.0.2"
  lints:
    dependency: transitive
    description:
      name: lints
      sha256: "0a217c6c989d21039f1498c3ed9f3ed71b354e69873f13a8dfc3c9fe76f1b452"
      url: "https://pub.dev"
    source: hosted
    version: "2.1.1"
  logger:
    dependency: "direct main"
    description:
      name: logger
      sha256: a7967e31b703831a893bbc3c3dd11db08126fe5f369b5c648a36f821979f5be3
      url: "https://pub.dev"
    source: hosted
    version: "2.6.2"
  logging:
    dependency: transitive
    description:
      name: logging
      sha256: c8245ada5f1717ed44271ed1c26b8ce85ca3228fd2ffdb75468ab01979309d61
      url: "https://pub.dev"
    source: hosted
    version: "1.3.0"
  lottie:
    dependency: "direct main"
    description:
      name: lottie
      sha256: "8ae0be46dbd9e19641791dc12ee480d34e1fd3f84c749adc05f3ad9342b71b95"
      url: "https://pub.dev"
    source: hosted
    version: "3.3.2"
  marquee:
    dependency: "direct main"
    description:
      name: marquee
      sha256: a87e7e80c5d21434f90ad92add9f820cf68be374b226404fe881d2bba7be0862
      url: "https://pub.dev"
    source: hosted
    version: "2.3.0"
  matcher:
    dependency: transitive
    description:
      name: matcher
      sha256: dc58c723c3c24bf8d3e2d3ad3f2f9d7bd9cf43ec6feaa64181775e60190153f2
      url: "https://pub.dev"
    source: hosted
    version: "0.12.17"
  material_color_utilities:
    dependency: transitive
    description:
      name: material_color_utilities
      sha256: f7142bb1154231d7ea5f96bc7bde4bda2a0945d2806bb11670e30b850d56bdec
      url: "https://pub.dev"
    source: hosted
    version: "0.11.1"
  media_kit:
    dependency: "direct main"
    description:
      name: media_kit
      sha256: dfd5ab85d49a1806b1314a0b81f3d14da48f0db0a657336b2d77c5f17db28944
      url: "https://pub.dev"
    source: hosted
    version: "1.2.2"
  media_kit_libs_android_video:
    dependency: transitive
    description:
      name: media_kit_libs_android_video
      sha256: "3f6274e5ab2de512c286a25c327288601ee445ed8ac319e0ef0b66148bd8f76c"
      url: "https://pub.dev"
    source: hosted
    version: "1.3.8"
  media_kit_libs_ios_video:
    dependency: transitive
    description:
      name: media_kit_libs_ios_video
      sha256: b5382994eb37a4564c368386c154ad70ba0cc78dacdd3fb0cd9f30db6d837991
      url: "https://pub.dev"
    source: hosted
    version: "1.1.4"
  media_kit_libs_linux:
    dependency: transitive
    description:
      name: media_kit_libs_linux
      sha256: "2b473399a49ec94452c4d4ae51cfc0f6585074398d74216092bf3d54aac37ecf"
      url: "https://pub.dev"
    source: hosted
    version: "1.2.1"
  media_kit_libs_macos_video:
    dependency: transitive
    description:
      name: media_kit_libs_macos_video
      sha256: f26aa1452b665df288e360393758f84b911f70ffb3878032e1aabba23aa1032d
      url: "https://pub.dev"
    source: hosted
    version: "1.1.4"
  media_kit_libs_video:
    dependency: "direct main"
    description:
      name: media_kit_libs_video
      sha256: "2b235b5dac79c6020e01eef5022c6cc85fedc0df1738aadc6ea489daa12a92a9"
      url: "https://pub.dev"
    source: hosted
    version: "1.0.7"
  media_kit_libs_windows_video:
    dependency: transitive
    description:
      name: media_kit_libs_windows_video
      sha256: dff76da2778729ab650229e6b4ec6ec111eb5151431002cbd7ea304ff1f112ab
      url: "https://pub.dev"
    source: hosted
    version: "1.0.11"
  media_kit_video:
    dependency: "direct main"
    description:
      name: media_kit_video
      sha256: "813858c3fe84eb46679eb698695f60665e2bfbef757766fac4d2e683f926e15a"
      url: "https://pub.dev"
    source: hosted
    version: "1.3.1"
  message_pack_dart:
    dependency: transitive
    description:
      name: message_pack_dart
      sha256: "71b9f0ff60e5896e60b337960bb535380d7dba3297b457ac763ccae807385b59"
      url: "https://pub.dev"
    source: hosted
    version: "2.0.1"
  meta:
    dependency: transitive
    description:
      name: meta
      sha256: "23f08335362185a5ea2ad3a4e597f1375e78bce8a040df5c600c8d3552ef2394"
      url: "https://pub.dev"
    source: hosted
    version: "1.17.0"
  mime:
    dependency: transitive
    description:
      name: mime
      sha256: "41a20518f0cb1256669420fdba0cd90d21561e560ac240f26ef8322e45bb7ed6"
      url: "https://pub.dev"
    source: hosted
    version: "2.0.0"
  native_toolchain_c:
    dependency: transitive
    description:
      path: "packages/native_toolchain_c"
      ref: b335f65fb577e5f355689d8a21ace6d034a5bb47
      resolved-ref: b335f65fb577e5f355689d8a21ace6d034a5bb47
      url: "https://github.com/xiaoyaocz/dart_quickjs"
    source: git
    version: "0.17.4"
  network_info_plus:
    dependency: "direct main"
    description:
      name: network_info_plus
      sha256: "2866dadcbee2709e20d67737a1556f5675b8b0cdcf2c1659ba74bc21bffede4f"
      url: "https://pub.dev"
    source: hosted
    version: "7.0.0"
  network_info_plus_platform_interface:
    dependency: transitive
    description:
      name: network_info_plus_platform_interface
      sha256: "7e7496a8a9d8136859b8881affc613c4a21304afeb6c324bcefc4bd0aff6b94b"
      url: "https://pub.dev"
    source: hosted
    version: "2.0.2"
  nm:
    dependency: transitive
    description:
      name: nm
      sha256: "2c9aae4127bdc8993206464fcc063611e0e36e72018696cd9631023a31b24254"
      url: "https://pub.dev"
    source: hosted
    version: "0.5.0"
  package_info_plus:
    dependency: "direct main"
    description:
      name: package_info_plus
      sha256: f69da0d3189a4b4ceaeb1a3defb0f329b3b352517f52bed4290f83d4f06bc08d
      url: "https://pub.dev"
    source: hosted
    version: "9.0.0"
  package_info_plus_platform_interface:
    dependency: transitive
    description:
      name: package_info_plus_platform_interface
      sha256: "202a487f08836a592a6bd4f901ac69b3a8f146af552bbd14407b6b41e1c3f086"
      url: "https://pub.dev"
    source: hosted
    version: "3.2.1"
  path:
    dependency: transitive
    description:
      name: path
      sha256: "75cca69d1490965be98c73ceaea117e8a04dd21217b37b292c9ddbec0d955bc5"
      url: "https://pub.dev"
    source: hosted
    version: "1.9.1"
  path_provider:
    dependency: transitive
    description:
      name: path_provider
      sha256: "50c5dd5b6e1aaf6fb3a78b33f6aa3afca52bf903a8a5298f53101fdaee55bbcd"
      url: "https://pub.dev"
    source: hosted
    version: "2.1.5"
  path_provider_android:
    dependency: transitive
    description:
      name: path_provider_android
      sha256: f2c65e21139ce2c3dad46922be8272bb5963516045659e71bb16e151c93b580e
      url: "https://pub.dev"
    source: hosted
    version: "2.2.22"
  path_provider_foundation:
    dependency: transitive
    description:
      name: path_provider_foundation
      sha256: "6d13aece7b3f5c5a9731eaf553ff9dcbc2eff41087fd2df587fd0fed9a3eb0c4"
      url: "https://pub.dev"
    source: hosted
    version: "2.5.1"
  path_provider_linux:
    dependency: transitive
    description:
      name: path_provider_linux
      sha256: f7a1fe3a634fe7734c8d3f2766ad746ae2a2884abe22e241a8b301bf5cac3279
      url: "https://pub.dev"
    source: hosted
    version: "2.2.1"
  path_provider_platform_interface:
    dependency: transitive
    description:
      name: path_provider_platform_interface
      sha256: "88f5779f72ba699763fa3a3b06aa4bf6de76c8e5de842cf6f29e2e06476c2334"
      url: "https://pub.dev"
    source: hosted
    version: "2.1.2"
  path_provider_windows:
    dependency: transitive
    description:
      name: path_provider_windows
      sha256: bd6f00dbd873bfb70d0761682da2b3a2c2fccc2b9e84c495821639601d81afe7
      url: "https://pub.dev"
    source: hosted
    version: "2.3.0"
  petitparser:
    dependency: transitive
    description:
      name: petitparser
      sha256: "1a97266a94f7350d30ae522c0af07890c70b8e62c71e8e3920d1db4d23c057d1"
      url: "https://pub.dev"
    source: hosted
    version: "7.0.1"
  platform:
    dependency: transitive
    description:
      name: platform
      sha256: "5d6b1b0036a5f331ebc77c850ebc8506cbc1e9416c27e59b439f917a902a4984"
      url: "https://pub.dev"
    source: hosted
    version: "3.1.6"
  plugin_platform_interface:
    dependency: transitive
    description:
      name: plugin_platform_interface
      sha256: "4820fbfdb9478b1ebae27888254d445073732dae3d6ea81f0b7e06d5dedc3f02"
      url: "https://pub.dev"
    source: hosted
    version: "2.1.8"
  pool:
    dependency: transitive
    description:
      name: pool
      sha256: "978783255c543aa3586a1b3c21f6e9d720eb315376a915872c61ef8b5c20177d"
      url: "https://pub.dev"
    source: hosted
    version: "1.5.2"
  posix:
    dependency: transitive
    description:
      name: posix
      sha256: "6323a5b0fa688b6a010df4905a56b00181479e6d10534cecfecede2aa55add61"
      url: "https://pub.dev"
    source: hosted
    version: "6.0.3"
  protobuf:
    dependency: transitive
    description:
      name: protobuf
      sha256: "68645b24e0716782e58948f8467fd42a880f255096a821f9e7d0ec625b00c84d"
      url: "https://pub.dev"
    source: hosted
    version: "3.1.0"
  pub_semver:
    dependency: transitive
    description:
      name: pub_semver
      sha256: "5bfcf68ca79ef689f8990d1160781b4bad40a3bd5e5218ad4076ddb7f4081585"
      url: "https://pub.dev"
    source: hosted
    version: "2.2.0"
  qr:
    dependency: transitive
    description:
      name: qr
      sha256: "5a1d2586170e172b8a8c8470bbbffd5eb0cd38a66c0d77155ea138d3af3a4445"
      url: "https://pub.dev"
    source: hosted
    version: "3.0.2"
  qr_flutter:
    dependency: "direct main"
    description:
      name: qr_flutter
      sha256: "5095f0fc6e3f71d08adef8feccc8cea4f12eec18a2e31c2e8d82cb6019f4b097"
      url: "https://pub.dev"
    source: hosted
    version: "4.1.0"
  remixicon:
    dependency: "direct main"
    description:
      name: remixicon
      sha256: "9a0e6a67d622a1d6ddc5e5cff4898f9711ec8880fc2ebeb720f6e0bc268ea905"
      url: "https://pub.dev"
    source: hosted
    version: "1.4.1"
  safe_local_storage:
    dependency: transitive
    description:
      name: safe_local_storage
      sha256: e9a21b6fec7a8aa62cc2585ff4c1b127df42f3185adbd2aca66b47abe2e80236
      url: "https://pub.dev"
    source: hosted
    version: "2.0.1"
  screen_brightness_android:
    dependency: transitive
    description:
      name: screen_brightness_android
      sha256: d34f5321abd03bc3474f4c381f53d189117eba0b039eac1916aa92cca5fd0a96
      url: "https://pub.dev"
    source: hosted
    version: "2.1.3"
  screen_brightness_platform_interface:
    dependency: transitive
    description:
      name: screen_brightness_platform_interface
      sha256: "737bd47b57746bc4291cab1b8a5843ee881af499514881b0247ec77447ee769c"
      url: "https://pub.dev"
    source: hosted
    version: "2.1.0"
  shelf:
    dependency: "direct main"
    description:
      name: shelf
      sha256: e7dd780a7ffb623c57850b33f43309312fc863fb6aa3d276a754bb299839ef12
      url: "https://pub.dev"
    source: hosted
    version: "1.4.2"
  shelf_router:
    dependency: "direct main"
    description:
      name: shelf_router
      sha256: f5e5d492440a7fb165fe1e2e1a623f31f734d3370900070b2b1e0d0428d59864
      url: "https://pub.dev"
    source: hosted
    version: "1.1.4"
  signalr_netcore:
    dependency: "direct main"
    description:
      name: signalr_netcore
      sha256: "8d59dc61284c5ff8aa27c4e3e802fcf782367f06cf42b39d5ded81680b72f8b8"
      url: "https://pub.dev"
    source: hosted
    version: "1.4.4"
  simple_live_core:
    dependency: "direct main"
    description:
      path: "../simple_live_core"
      relative: true
    source: path
    version: "1.0.3"
  sky_engine:
    dependency: transitive
    description: flutter
    source: sdk
    version: "0.0.0"
  source_span:
    dependency: transitive
    description:
      name: source_span
      sha256: "254ee5351d6cb365c859e20ee823c3bb479bf4a293c22d17a9f1bf144ce86f7c"
      url: "https://pub.dev"
    source: hosted
    version: "1.10.1"
  sse:
    dependency: transitive
    description:
      name: sse
      sha256: fcc97470240bb37377f298e2bd816f09fd7216c07928641c0560719f50603643
      url: "https://pub.dev"
    source: hosted
    version: "4.1.8"
  sse_channel:
    dependency: transitive
    description:
      name: sse_channel
      sha256: "9aad5d4eef63faf6ecdefb636c0f857bd6f74146d2196087dcf4b17ab5b49b1b"
      url: "https://pub.dev"
    source: hosted
    version: "0.1.1"
  stack_trace:
    dependency: transitive
    description:
      name: stack_trace
      sha256: "8b27215b45d22309b5cddda1aa2b19bdfec9df0e765f2de506401c071d38d1b1"
      url: "https://pub.dev"
    source: hosted
    version: "1.12.1"
  sticky_headers:
    dependency: "direct main"
    description:
      name: sticky_headers
      sha256: "9b3dd2cb0fd6a7038170af3261f855660cbb241cb56c501452cb8deed7023ede"
      url: "https://pub.dev"
    source: hosted
    version: "0.3.0+2"
  stream_channel:
    dependency: transitive
    description:
      name: stream_channel
      sha256: "969e04c80b8bcdf826f8f16579c7b14d780458bd97f56d107d3950fdbeef059d"
      url: "https://pub.dev"
    source: hosted
    version: "2.1.4"
  string_scanner:
    dependency: transitive
    description:
      name: string_scanner
      sha256: "921cd31725b72fe181906c6a94d987c78e3b98c2e205b397ea399d4054872b43"
      url: "https://pub.dev"
    source: hosted
    version: "1.4.1"
  synchronized:
    dependency: transitive
    description:
      name: synchronized
      sha256: c254ade258ec8282947a0acbbc90b9575b4f19673533ee46f2f6e9b3aeefd7c0
      url: "https://pub.dev"
    source: hosted
    version: "3.4.0"
  tars_dart:
    dependency: transitive
    description:
      path: "../simple_live_core/packages/tars_dart"
      relative: true
    source: path
    version: "0.1.0"
  term_glyph:
    dependency: transitive
    description:
      name: term_glyph
      sha256: "7f554798625ea768a7518313e58f83891c7f5024f88e46e7182a4558850a4b8e"
      url: "https://pub.dev"
    source: hosted
    version: "1.2.2"
  test_api:
    dependency: transitive
    description:
      name: test_api
      sha256: ab2726c1a94d3176a45960b6234466ec367179b87dd74f1611adb1f3b5fb9d55
      url: "https://pub.dev"
    source: hosted
    version: "0.7.7"
  tuple:
    dependency: transitive
    description:
      name: tuple
      sha256: a97ce2013f240b2f3807bcbaf218765b6f301c3eff91092bcfa23a039e7dd151
      url: "https://pub.dev"
    source: hosted
    version: "2.0.2"
  typed_data:
    dependency: transitive
    description:
      name: typed_data
      sha256: f9049c039ebfeb4cf7a7104a675823cd72dba8297f264b6637062516699fa006
      url: "https://pub.dev"
    source: hosted
    version: "1.4.0"
  udp:
    dependency: "direct main"
    description:
      name: udp
      sha256: "50ea45d7ee80ad4c62de4ec0e8ed3ae65c36e9fe8cd0655a2bcd1503d2708e5a"
      url: "https://pub.dev"
    source: hosted
    version: "5.0.3"
  universal_platform:
    dependency: transitive
    description:
      name: universal_platform
      sha256: "64e16458a0ea9b99260ceb5467a214c1f298d647c659af1bff6d3bf82536b1ec"
      url: "https://pub.dev"
    source: hosted
    version: "1.1.0"
  uri_parser:
    dependency: transitive
    description:
      name: uri_parser
      sha256: ff4d2c720aca3f4f7d5445e23b11b2d15ef8af5ddce5164643f38ff962dcb270
      url: "https://pub.dev"
    source: hosted
    version: "3.0.0"
  url_launcher:
    dependency: "direct main"
    description:
      name: url_launcher
      sha256: f6a7e5c4835bb4e3026a04793a4199ca2d14c739ec378fdfe23fc8075d0439f8
      url: "https://pub.dev"
    source: hosted
    version: "6.3.2"
  url_launcher_android:
    dependency: transitive
    description:
      name: url_launcher_android
      sha256: "767344bf3063897b5cf0db830e94f904528e6dd50a6dfaf839f0abf509009611"
      url: "https://pub.dev"
    source: hosted
    version: "6.3.28"
  url_launcher_ios:
    dependency: transitive
    description:
      name: url_launcher_ios
      sha256: cfde38aa257dae62ffe79c87fab20165dfdf6988c1d31b58ebf59b9106062aad
      url: "https://pub.dev"
    source: hosted
    version: "6.3.6"
  url_launcher_linux:
    dependency: transitive
    description:
      name: url_launcher_linux
      sha256: d5e14138b3bc193a0f63c10a53c94b91d399df0512b1f29b94a043db7482384a
      url: "https://pub.dev"
    source: hosted
    version: "3.2.2"
  url_launcher_macos:
    dependency: transitive
    description:
      name: url_launcher_macos
      sha256: "368adf46f71ad3c21b8f06614adb38346f193f3a59ba8fe9a2fd74133070ba18"
      url: "https://pub.dev"
    source: hosted
    version: "3.2.5"
  url_launcher_platform_interface:
    dependency: transitive
    description:
      name: url_launcher_platform_interface
      sha256: "552f8a1e663569be95a8190206a38187b531910283c3e982193e4f2733f01029"
      url: "https://pub.dev"
    source: hosted
    version: "2.3.2"
  url_launcher_web:
    dependency: transitive
    description:
      name: url_launcher_web
      sha256: "4bd2b7b4dc4d4d0b94e5babfffbca8eac1a126c7f3d6ecbc1a11013faa3abba2"
      url: "https://pub.dev"
    source: hosted
    version: "2.4.1"
  url_launcher_windows:
    dependency: transitive
    description:
      name: url_launcher_windows
      sha256: "712c70ab1b99744ff066053cbe3e80c73332b38d46e5e945c98689b2e66fc15f"
      url: "https://pub.dev"
    source: hosted
    version: "3.1.5"
  uuid:
    dependency: "direct main"
    description:
      name: uuid
      sha256: a11b666489b1954e01d992f3d601b1804a33937b5a8fe677bd26b8a9f96f96e8
      url: "https://pub.dev"
    source: hosted
    version: "4.5.2"
  vector_math:
    dependency: transitive
    description:
      name: vector_math
      sha256: d530bd74fea330e6e364cda7a85019c434070188383e1cd8d9777ee586914c5b
      url: "https://pub.dev"
    source: hosted
    version: "2.2.0"
  vm_service:
    dependency: transitive
    description:
      name: vm_service
      sha256: "45caa6c5917fa127b5dbcfbd1fa60b14e583afdc08bfc96dda38886ca252eb60"
      url: "https://pub.dev"
    source: hosted
    version: "15.0.2"
  volume_controller:
    dependency: transitive
    description:
      name: volume_controller
      sha256: d75039e69c0d90e7810bfd47e3eedf29ff8543ea7a10392792e81f9bded7edf5
      url: "https://pub.dev"
    source: hosted
    version: "3.4.0"
  wakelock_plus:
    dependency: "direct main"
    description:
      name: wakelock_plus
      sha256: "9296d40c9adbedaba95d1e704f4e0b434be446e2792948d0e4aa977048104228"
      url: "https://pub.dev"
    source: hosted
    version: "1.4.0"
  wakelock_plus_platform_interface:
    dependency: transitive
    description:
      name: wakelock_plus_platform_interface
      sha256: "036deb14cd62f558ca3b73006d52ce049fabcdcb2eddfe0bf0fe4e8a943b5cf2"
      url: "https://pub.dev"
    source: hosted
    version: "1.3.0"
  web:
    dependency: transitive
    description:
      name: web
      sha256: "868d88a33d8a87b18ffc05f9f030ba328ffefba92d6c127917a2ba740f9cfe4a"
      url: "https://pub.dev"
    source: hosted
    version: "1.1.1"
  web_socket:
    dependency: transitive
    description:
      name: web_socket
      sha256: "34d64019aa8e36bf9842ac014bb5d2f5586ca73df5e4d9bf5c936975cae6982c"
      url: "https://pub.dev"
    source: hosted
    version: "1.0.1"
  web_socket_channel:
    dependency: transitive
    description:
      name: web_socket_channel
      sha256: d645757fb0f4773d602444000a8131ff5d48c9e47adfe9772652dd1a4f2d45c8
      url: "https://pub.dev"
    source: hosted
    version: "3.0.3"
  win32:
    dependency: transitive
    description:
      name: win32
      sha256: d7cb55e04cd34096cd3a79b3330245f54cb96a370a1c27adb3c84b917de8b08e
      url: "https://pub.dev"
    source: hosted
    version: "5.15.0"
  win32_registry:
    dependency: transitive
    description:
      name: win32_registry
      sha256: "6f1b564492d0147b330dd794fee8f512cec4977957f310f9951b5f9d83618dae"
      url: "https://pub.dev"
    source: hosted
    version: "2.1.0"
  xdg_directories:
    dependency: transitive
    description:
      name: xdg_directories
      sha256: "7a3f37b05d989967cdddcbb571f1ea834867ae2faa29725fd085180e0883aa15"
      url: "https://pub.dev"
    source: hosted
    version: "1.1.0"
  xml:
    dependency: transitive
    description:
      name: xml
      sha256: "971043b3a0d3da28727e40ed3e0b5d18b742fa5a68665cca88e74b7876d5e025"
      url: "https://pub.dev"
    source: hosted
    version: "6.6.1"
  yaml:
    dependency: transitive
    description:
      name: yaml
      sha256: b9da305ac7c39faa3f030eccd175340f968459dae4af175130b3fc47e40d76ce
      url: "https://pub.dev"
    source: hosted
    version: "3.1.3"
sdks:
  dart: ">=3.10.0 <4.0.0"
  flutter: ">=3.35.0"
